version = 1
revision = 3
requires-python = ">=3.14"
resolution-markers = [
    "python_full_version >= '3.15'",
    "python_full_version < '3.15'",
]

[options]
exclude-newer = "0001-01-01T00:00:00Z" # This has no effect and is included for backwards compatibility when using relative exclude-newer values.
exclude-newer-span = "P7D"

[[package]]
name = "argcomplete"
version = "3.7.2"
source = { registry = "https://pypi.org/simple" }
sdist = { url = "https://files.pythonhosted.org/packages/87/6f/5a73f04007ca950701765949209f068da628bd11f9c2da287278ce91e0ee/argcomplete-3.7.2.tar.gz", hash = "sha256:aad8b69a0b9969edb62db0d1752354c0d50717b10e0cbb00e2a958381b9fc6b9", size = 74473, upload-time = "2026-08-06T04:53:21.662Z" }
wheels = [
    { url = "https://files.pythonhosted.org/packages/46/bd/551ee6af426af84ca33e02622be722925c196608e9127d731ef17c47f06e/argcomplete-3.7.2-py3-none-any.whl", hash = "sha256:6029205678bdd9c1c728a155f5f9ecf5812393f969eef58807641a2bc2aa5b19", size = 43294, upload-time = "2026-08-06T04:53:20.246Z" },
]

[[package]]
name = "attrs"
version = "26.1.0"
source = { registry = "https://pypi.org/simple" }
sdist = { url = "https://files.pythonhosted.org/packages/9a/8e/82a0fe20a541c03148528be8cac2408564a6c9a0cc7e9171802bc1d26985/attrs-26.1.0.tar.gz", hash = "sha256:d03ceb89cb322a8fd706d4fb91940737b6642aa36998fe130a9bc96c985eff32", size = 952055, upload-time = "2026-03-19T14:22:25.026Z" }
wheels = [
    { url = "https://files.pythonhosted.org/packages/64/b4/17d4b0b2a2dc85a6df63d1157e028ed19f90d4cd97c36717afef2bc2f395/attrs-26.1.0-py3-none-any.whl", hash = "sha256:c647aa4a12dfbad9333ca4e71fe62ddc36f4e63b2d260a37a8b83d2f043ac309", size = 67548, upload-time = "2026-03-19T14:22:23.645Z" },
]

[[package]]
name = "colorama"
version = "0.4.6"
source = { registry = "https://pypi.org/simple" }
sdist = { url = "https://files.pythonhosted.org/packages/d8/53/6f443c9a4a8358a93a6792e2acffb9d9d5cb0a5cfd8802644b7b1c9a02e4/colorama-0.4.6.tar.gz", hash = "sha256:08695f5cb7ed6e0531a20572697297273c47b8cae5a63ffc6d6ed5c201be6e44", size = 27697, upload-time = "2022-10-25T02:36:22.414Z" }
wheels = [
    { url = "https://files.pythonhosted.org/packages/d1/d6/3965ed04c63042e047cb6a3e6ed1a63a35087b6a609aa3a15ed8ac56c221/colorama-0.4.6-py2.py3-none-any.whl", hash = "sha256:4f1d9991f5acc0ca119f9d443620b77f9d6b33703e51011c16baf57afb285fc6", size = 25335, upload-time = "2022-10-25T02:36:20.889Z" },
]

[[package]]
name = "colorlog"
version = "6.12.0"
source = { registry = "https://pypi.org/simple" }
dependencies = [
    { name = "colorama", marker = "sys_platform == 'win32'" },
]
sdist = { url = "https://files.pythonhosted.org/packages/8c/55/ba79756cb90c8d69d599d57785398ac87bba7b19c80e87f4e8a562197c93/colorlog-6.12.0.tar.gz", hash = "sha256:2a7924c1dadf18b22a0eb8b06d1c7b01d5341707ec1641eb6fcc4fde0c3e8e5f", size = 18151, upload-time = "2026-07-23T13:40:40.71Z" }
wheels = [
    { url = "https://files.pythonhosted.org/packages/d4/19/0b6647bf5e331521e55d2b63bfbdc210bd9cd605189273f03614a05f702d/colorlog-6.12.0-py3-none-any.whl", hash = "sha256:30d392604e9110045a2c2aeefc27d7a017abbab63f3a8aee594eac0801df784e", size = 12239, upload-time = "2026-07-23T13:40:39.562Z" },
]

[[package]]
name = "cyclopts"
version = "4.25.2"
source = { registry = "https://pypi.org/simple" }
dependencies = [
    { name = "attrs" },
    { name = "docstring-parser" },
    { name = "rich" },
    { name = "rich-rst" },
]
sdist = { url = "https://files.pythonhosted.org/packages/16/8f/6caec9cf291ba294a0d0669b0388e5676d8887d8b75a8c3ad0a2dc2eeed9/cyclopts-4.25.2.tar.gz", hash = "sha256:0776bc1fa796cd351646c345b7420279e58d6c2c4a8f5d5dd54dea85bdb2de8f", size = 202467, upload-time = "2026-09-08T16:58:04.426Z" }
wheels = [
    { url = "https://files.pythonhosted.org/packages/2c/0e/eadf712ca776fd96982c09348dd8f141ae6f96746a4eabc3e3fb54dea738/cyclopts-4.25.2-py3-none-any.whl", hash = "sha256:51b42513eea5e4ba6a08b68acf187b81f1191032cf77b9631086cfa2c88fa7a4", size = 242400, upload-time = "2026-09-08T16:58:02.696Z" },
]

[[package]]
name = "dependency-groups"
version = "1.3.2"
source = { registry = "https://pypi.org/simple" }
dependencies = [
    { name = "packaging" },
]
sdist = { url = "https://files.pythonhosted.org/packages/b5/16/65e61d8e837e0d70a99a0d4dd76e2af53357c3a03ed1db8ad9b5786d7f25/dependency_groups-1.3.2.tar.gz", hash = "sha256:c81831f43828dbc3987ee247eb198241a0152b8e7ceab10977cc3808eb388ac7", size = 13309, upload-time = "2026-08-22T02:43:30.137Z" }
wheels = [
    { url = "https://files.pythonhosted.org/packages/a1/e4/da5f2f176050efcfb9222a76a3e81c41f69f775be8e563b76ca4292a134f/dependency_groups-1.3.2-py3-none-any.whl", hash = "sha256:8c337f7b92445823b0d0ea507f611390c58dcd2112be00aebcd738a2ca7a1c64", size = 9802, upload-time = "2026-08-22T02:43:28.853Z" },
]

[[package]]
name = "distlib"
version = "0.4.3"
source = { registry = "https://pypi.org/simple" }
sdist = { url = "https://files.pythonhosted.org/packages/c9/02/bd72be9134d25ed783ecbbc38a539ffaefbf90c78418c7fb7229600dbac7/distlib-0.4.3.tar.gz", hash = "sha256:f152097224a0ae24be5a0f6bae1b9359af82133bce63f98a95f86cae1aede9ed", size = 615141, upload-time = "2026-06-12T08:04:52.847Z" }
wheels = [
    { url = "https://files.pythonhosted.org/packages/02/08/9c41fb51ab5b43eb21674aff13df270e8ba6c4b29c8624e328dc7a9482af/distlib-0.4.3-py2.py3-none-any.whl", hash = "sha256:4b0ce306c966eb73bc3a7b6abad017c556dadd92c44701562cd528ac7fde4d5b", size = 470628, upload-time = "2026-06-12T08:04:50.506Z" },
]

[[package]]
name = "docstring-parser"
version = "0.18.0"
source = { registry = "https://pypi.org/simple" }
sdist = { url = "https://files.pythonhosted.org/packages/e0/4d/f332313098c1de1b2d2ff91cf2674415cc7cddab2ca1b01ae29774bd5fdf/docstring_parser-0.18.0.tar.gz", hash = "sha256:292510982205c12b1248696f44959db3cdd1740237a968ea1e2e7a900eeb2015", size = 29341, upload-time = "2026-04-14T04:09:19.867Z" }
wheels = [
    { url = "https://files.pythonhosted.org/packages/a7/5f/ed01f9a3cdffbd5a008556fc7b2a08ddb1cc6ace7effa7340604b1d16699/docstring_parser-0.18.0-py3-none-any.whl", hash = "sha256:b3fcbed555c47d8479be0796ef7e19c2670d428d72e96da63f3a40122860374b", size = 22484, upload-time = "2026-04-14T04:09:18.638Z" },
]

[[package]]
name = "filelock"
version = "3.32.4"
source = { registry = "https://pypi.org/simple" }
sdist = { url = "https://files.pythonhosted.org/packages/6d/30/03b03951873a1a0ffc7e8ca0e10c15597b59e8d0e39260704cd2ea087bc4/filelock-3.32.4.tar.gz", hash = "sha256:2bde2e4cf732e0153406d8a7bc80620ecf5e621fe0d25e41143c4e3b4733ff30", size = 222126, upload-time = "2026-08-23T17:37:55.363Z" }
wheels = [
    { url = "https://files.pythonhosted.org/packages/01/a4/9b63d595d748e3aff8812b65eacc1a2c4bd90b7c2012e08e72373b4835eb/filelock-3.32.4-py3-none-any.whl", hash = "sha256:22e58ca3b1ae3b98993b762d7338367ae64fe50252bf78d59da3bfebcdf1cedd", size = 99864, upload-time = "2026-08-23T17:37:53.913Z" },
]

[[package]]
name = "humanize"
version = "4.16.0"
source = { registry = "https://pypi.org/simple" }
sdist = { url = "https://files.pythonhosted.org/packages/0a/ea/13a1ef3c12d12662905801495283530251918b70d62d368f1d2e0272c70d/humanize-4.16.0.tar.gz", hash = "sha256:7dc2244a2f84a4bfb1d36c37bac80cd78e35cdc5c119206d87b018e1445f3a3f", size = 89515, upload-time = "2026-06-30T16:17:29.859Z" }
wheels = [
    { url = "https://files.pythonhosted.org/packages/b0/aa/0b7365d30fed43e7a3449aba1fe20a0a7174d9cf13e282af4e69ac825441/humanize-4.16.0-py3-none-any.whl", hash = "sha256:353eb2f34c09d098b2880eee8bef21832eae6d174f48c5762fff7e5fcb74d01d", size = 137209, upload-time = "2026-06-30T16:17:28.36Z" },
]

[[package]]
name = "markdown-it-py"
version = "4.2.0"
source = { registry = "https://pypi.org/simple" }
dependencies = [
    { name = "mdurl" },
]
sdist = { url = "https://files.pythonhosted.org/packages/06/ff/7841249c247aa650a76b9ee4bbaeae59370dc8bfd2f6c01f3630c35eb134/markdown_it_py-4.2.0.tar.gz", hash = "sha256:04a21681d6fbb623de53f6f364d352309d4094dd4194040a10fd51833e418d49", size = 82454, upload-time = "2026-05-07T12:08:28.36Z" }
wheels = [
    { url = "https://files.pythonhosted.org/packages/b3/81/4da04ced5a082363ecfa159c010d200ecbd959ae410c10c0264a38cac0f5/markdown_it_py-4.2.0-py3-none-any.whl", hash = "sha256:9f7ebbcd14fe59494226453aed97c1070d83f8d24b6fc3a3bcf9a38092641c4a", size = 91687, upload-time = "2026-05-07T12:08:27.182Z" },
]

[[package]]
name = "mdurl"
version = "0.1.2"
source = { registry = "https://pypi.org/simple" }
sdist = { url = "https://files.pythonhosted.org/packages/d6/54/cfe61301667036ec958cb99bd3efefba235e65cdeb9c84d24a8293ba1d90/mdurl-0.1.2.tar.gz", hash = "sha256:bb413d29f5eea38f31dd4754dd7377d4465116fb207585f97bf925588687c1ba", size = 8729, upload-time = "2022-08-14T12:40:10.846Z" }
wheels = [
    { url = "https://files.pythonhosted.org/packages/b3/38/89ba8ad64ae25be8de66a6d463314cf1eb366222074cfda9ee839c56a4b4/mdurl-0.1.2-py3-none-any.whl", hash = "sha256:84008a41e51615a49fc9966191ff91509e3c40b939176e643fd50a5c2196b8f8", size = 9979, upload-time = "2022-08-14T12:40:09.779Z" },
]

[[package]]
name = "nox"
version = "2026.8.17"
source = { registry = "https://pypi.org/simple" }
dependencies = [
    { name = "argcomplete" },
    { name = "attrs" },
    { name = "colorlog" },
    { name = "dependency-groups" },
    { name = "humanize" },
    { name = "packaging" },
    { name = "platformdirs" },
    { name = "python-discovery" },
    { name = "virtualenv" },
]
sdist = { url = "https://files.pythonhosted.org/packages/be/65/4cef8ae8f6dbcb5753b202e46791277f1ea0b4a0650d1a6cb940c468b143/nox-2026.8.17.tar.gz", hash = "sha256:8d9c69c9b996a59db1eb2c6968deaebc2edbc55317d205981bbc4a37351d3f2e", size = 4076047, upload-time = "2026-08-18T03:09:57.078Z" }
wheels = [
    { url = "https://files.pythonhosted.org/packages/81/71/e0829a0500646070e98bc4442afa2917bfe5b6f1289511d8de853ae86497/nox-2026.8.17-py3-none-any.whl", hash = "sha256:a96a5286007cbc0d1eb1930e85738668f6722adba1ffaa48287296a96963086e", size = 94839, upload-time = "2026-08-18T03:09:55.684Z" },
]

[[package]]
name = "nox-uv"
version = "0.8.0"
source = { registry = "https://pypi.org/simple" }
dependencies = [
    { name = "nox" },
]
sdist = { url = "https://files.pythonhosted.org/packages/3e/b8/5a186592e002ac454450d6a43d6171b6207b0b4141db78464f7d4672ae8d/nox_uv-0.8.0.tar.gz", hash = "sha256:609595d9c4983b1c4abe8b44299b4223fb876f3794012a633c94acae697ed485", size = 5324, upload-time = "2026-05-12T02:16:55.269Z" }
wheels = [
    { url = "https://files.pythonhosted.org/packages/02/94/a2dae05f049990adff252037252da412f56fadd358fb3eca474c838c3dc3/nox_uv-0.8.0-py3-none-any.whl", hash = "sha256:f62c0e016fd8403fd4352ec1e6eb06d6f9967adc44bba74524d7f74da5ac1b19", size = 5628, upload-time = "2026-05-12T02:16:57.372Z" },
]

[[package]]
name = "packaging"
version = "26.3"
source = { registry = "https://pypi.org/simple" }
sdist = { url = "https://files.pythonhosted.org/packages/7d/fa/3944b40b07da9ce895c0e6303a5ab7d53da063554f534556b134a54d6093/packaging-26.3.tar.gz", hash = "sha256:94edc256424af38762eb31306eed28beb9f0efc50a8837492c9d6fd6004aed79", size = 313412, upload-time = "2026-08-04T18:15:28.737Z" }
wheels = [
    { url = "https://files.pythonhosted.org/packages/63/34/ba1c580383c9eada3711951fef0795c80b829a078d72188184bcab9dd527/packaging-26.3-py3-none-any.whl", hash = "sha256:d7193f7c8e4e93f444fde0262bf90af30e16fa0ad0ad44cb553c87339b23cd1c", size = 129956, upload-time = "2026-08-04T18:15:27.159Z" },
]

[[package]]
name = "platformdirs"
version = "4.11.5"
source = { registry = "https://pypi.org/simple" }
sdist = { url = "https://files.pythonhosted.org/packages/ea/06/cf1564dcc2e2261c8c8c6c05628dc8b418943bdae2a4e58640ceb2f770fa/platformdirs-4.11.5.tar.gz", hash = "sha256:e8b31f4f8bcbbedef91a6b57a706255e4f148d2a4e01648382a0a47342539173", size = 34823, upload-time = "2026-08-27T21:36:37.46Z" }
wheels = [
    { url = "https://files.pythonhosted.org/packages/c7/12/6f3fcd5067a9cbf4f8664b32957973498da8b083455203c8d9cab83a725c/platformdirs-4.11.5-py3-none-any.whl", hash = "sha256:89f8d42695853b89c7170bd49bc3dc593f98a71e695ede88e06a3b247bc4563b", size = 23900, upload-time = "2026-08-27T21:36:36.227Z" },
]

[[package]]
name = "pygments"
version = "2.21.0"
source = { registry = "https://pypi.org/simple" }
sdist = { url = "https://files.pythonhosted.org/packages/49/2e/ced460408999b33da6b31b0021b0f37d329e202d4169aeb164493778f25b/pygments-2.21.0.tar.gz", hash = "sha256:610ca751c9bc2492b38eb9a38a7fbc93edbbb2d7182edaf34e66ae493dee5c8c", size = 5005329, upload-time = "2026-08-17T08:02:48.824Z" }
wheels = [
    { url = "https://files.pythonhosted.org/packages/71/46/17f022dd3e953bf20a04a028a21ec746d942f8d2af30fa0f124fa0e6a684/pygments-2.21.0-py3-none-any.whl", hash = "sha256:2363c69b61c4a97c838da3b130dcd6468f4848992b21a82f2a63ec34377137d9", size = 1250147, upload-time = "2026-08-17T08:02:44.912Z" },
]

[[package]]
name = "pyrefly"
version = "1.3.0"
source = { registry = "https://pypi.org/simple" }
sdist = { url = "https://files.pythonhosted.org/packages/7d/82/df301034ff7705b51ab212039958910434e1e9bd4765cde435538221fc35/pyrefly-1.3.0.tar.gz", hash = "sha256:e96a0bf3abdc41cf40f7d2ef274bb610f4e6e4b387b366aea102902839073388", size = 6678024, upload-time = "2026-09-11T00:41:37.196Z" }
wheels = [
    { url = "https://files.pythonhosted.org/packages/36/98/47bf19b6caef77852c7e1c03d71ef48a5f452bf041503d883e0bca6fc4c8/pyrefly-1.3.0-py3-none-macosx_10_12_x86_64.whl", hash = "sha256:dd6c61e4c307eaaf3cf25fb329c4e7c9ff0376c42d5900362be2fd3333578a69", size = 15088089, upload-time = "2026-09-11T00:41:11.046Z" },
    { url = "https://files.pythonhosted.org/packages/4c/77/454615aa5db04903c99ced321295e32242c4b188be1a08f40b617ed72984/pyrefly-1.3.0-py3-none-macosx_11_0_arm64.whl", hash = "sha256:14c56defaa804747f18e03d11b539e71b71c8251a2b9f58e73dea80e2f6adfd9", size = 14431422, upload-time = "2026-09-11T00:41:13.61Z" },
    { url = "https://files.pythonhosted.org/packages/01/f2/142e190b9432f802682b0b0794f71e2010e936de0541492cc43678d647af/pyrefly-1.3.0-py3-none-manylinux_2_17_aarch64.manylinux2014_aarch64.whl", hash = "sha256:64285b1261681933f97cb11f3ba2e4445ff02a266707e4e2b7a279db0424c9f2", size = 14880659, upload-time = "2026-09-11T00:41:15.947Z" },
    { url = "https://files.pythonhosted.org/packages/d9/2f/60598fe38f29f22d11d9f4b5c7fee1cbbb0d5b0cb7db6b373761d57f5f75/pyrefly-1.3.0-py3-none-manylinux_2_17_i686.manylinux2014_i686.whl", hash = "sha256:46a90d6e48415dfa5d8d9c94ea5b9b61d7149dab87348952f2e000cf45145664", size = 16116073, upload-time = "2026-09-11T00:41:18.547Z" },
    { url = "https://files.pythonhosted.org/packages/c2/0a/33e49756fe3341dbb13789622cb8c9b6350d2710ceb47b8b0521f134ceea/pyrefly-1.3.0-py3-none-manylinux_2_17_ppc64le.manylinux2014_ppc64le.whl", hash = "sha256:e0cc33b35204b8e1b09396313024580d25a041de2f2f527e6496fc099282b967", size = 16049648, upload-time = "2026-09-11T00:41:21.255Z" },
    { url = "https://files.pythonhosted.org/packages/b0/fe/be59429726af4c0c3585951a937232d957182364cd2a621f74f4298a176e/pyrefly-1.3.0-py3-none-manylinux_2_17_x86_64.manylinux2014_x86_64.whl", hash = "sha256:e94ff692911596d257462320a2ef1435c93c20c80d631404961282f4cc22a6cc", size = 15439725, upload-time = "2026-09-11T00:41:23.572Z" },
    { url = "https://files.pythonhosted.org/packages/2b/73/bb834e88afea6c0de6960be2102c0cc1d817193c1efc3f6db9b450df191c/pyrefly-1.3.0-py3-none-musllinux_1_2_aarch64.whl", hash = "sha256:5705bec5438aa4e3b65b0d2ea7613f6bdbdc57f8848bd4b7940bbab37f230d8c", size = 14900386, upload-time = "2026-09-11T00:41:25.717Z" },
    { url = "https://files.pythonhosted.org/packages/c7/64/1adbc6ece9090bbd2e4ed1300918ab709166119426a21102639912ea65bb/pyrefly-1.3.0-py3-none-musllinux_1_2_x86_64.whl", hash = "sha256:fe60cb6d7cdf6c9bb236c0a7efc4b9839cfe7ef834b07d637862f95a642699ef", size = 15478065, upload-time = "2026-09-11T00:41:28.049Z" },
    { url = "https://files.pythonhosted.org/packages/d0/5c/e1351611d2e205718394237381220ab70f0e21cb297db024eafead19acf9/pyrefly-1.3.0-py3-none-win32.whl", hash = "sha256:4fb4cd5e5007e99208e44f749edaf37a03c0a56c98da7422c2dd60fde0f294b0", size = 14130445, upload-time = "2026-09-11T00:41:30.401Z" },
    { url = "https://files.pythonhosted.org/packages/3c/92/1d78e2ab1f9f1055ea43164d336903c95e608bede06ed182dc4b4f2c5390/pyrefly-1.3.0-py3-none-win_amd64.whl", hash = "sha256:f809fa5b447012adb8861efeb8f6435146788a39d9251d79dc38731a5d241893", size = 15067598, upload-time = "2026-09-11T00:41:32.582Z" },
    { url = "https://files.pythonhosted.org/packages/b3/6f/459f56dc345c32f8597acef13675e7e67679fb56bc3fd8f0a280eaeb8c02/pyrefly-1.3.0-py3-none-win_arm64.whl", hash = "sha256:3a3fb7c07dfb9b43d4205d8e85a83aaefc85377d0437dc8469c132836a8a7e5d", size = 14347403, upload-time = "2026-09-11T00:41:35.01Z" },
]

[[package]]
name = "python-discovery"
version = "1.6.0"
source = { registry = "https://pypi.org/simple" }
dependencies = [
    { name = "filelock" },
]
sdist = { url = "https://files.pythonhosted.org/packages/91/96/0f93e27c9f60a650838f2118159aa115fd5732c0716247917b7ba7ede665/python_discovery-1.6.0.tar.gz", hash = "sha256:6393b4eae1be8b2182670635e7baff89ac21cb9f8e86fd1ff40c7b1144febb4c", size = 82849, upload-time = "2026-08-28T17:30:02.366Z" }
wheels = [
    { url = "https://files.pythonhosted.org/packages/43/5e/21abf578182fb15006a57faf3711a1e659e29d600d19b6e557eae908c81d/python_discovery-1.6.0-py3-none-any.whl", hash = "sha256:d4e244cf17b8b29819ed78003d55fbacf86eda23425b075454fff9271b79377a", size = 38451, upload-time = "2026-08-28T17:30:01.236Z" },
]

[[package]]
name = "recite"
version = "0.1.0"
source = { editable = "." }
dependencies = [
    { name = "cyclopts" },
]

[package.dev-dependencies]
lint = [
    { name = "ruff" },
]
nox = [
    { name = "nox-uv" },
]
typecheck = [
    { name = "pyrefly" },
]

[package.metadata]
requires-dist = [{ name = "cyclopts", specifier = ">=4.25.2" }]

[package.metadata.requires-dev]
lint = [{ name = "ruff", specifier = ">=0.16.7" }]
nox = [{ name = "nox-uv", specifier = ">=0.8.0" }]
typecheck = [{ name = "pyrefly", specifier = ">=1.3.0" }]

[[package]]
name = "rich"
version = "15.0.0"
source = { registry = "https://pypi.org/simple" }
dependencies = [
    { name = "markdown-it-py" },
    { name = "pygments" },
]
sdist = { url = "https://files.pythonhosted.org/packages/c0/8f/0722ca900cc807c13a6a0c696dacf35430f72e0ec571c4275d2371fca3e9/rich-15.0.0.tar.gz", hash = "sha256:edd07a4824c6b40189fb7ac9bc4c52536e9780fbbfbddf6f1e2502c31b068c36", size = 230680, upload-time = "2026-04-12T08:24:00.75Z" }
wheels = [
    { url = "https://files.pythonhosted.org/packages/82/3b/64d4899d73f91ba49a8c18a8ff3f0ea8f1c1d75481760df8c68ef5235bf5/rich-15.0.0-py3-none-any.whl", hash = "sha256:33bd4ef74232fb73fe9279a257718407f169c09b78a87ad3d296f548e27de0bb", size = 310654, upload-time = "2026-04-12T08:24:02.83Z" },
]

[[package]]
name = "rich-rst"
version = "2.1.0"
source = { registry = "https://pypi.org/simple" }
dependencies = [
    { name = "pygments" },
    { name = "rich" },
]
sdist = { url = "https://files.pythonhosted.org/packages/e2/d6/d0b9fafc73b65767200da027acab1db1bdb1048f4fea5ebf659df01c700e/rich_rst-2.1.0.tar.gz", hash = "sha256:f4d117b49697f338769759fa5cacf5197da4888b347b9fda2e50aef5cd8d93bd", size = 302732, upload-time = "2026-07-05T02:59:44.308Z" }
wheels = [
    { url = "https://files.pythonhosted.org/packages/2a/68/1fc93dd759605b5d00fc98b50200739e41ed32bd22d6ba35ca6c3932371b/rich_rst-2.1.0-py3-none-any.whl", hash = "sha256:7ecd1343ee12c879d0e7ae74c3eb6d263b023d2929c6d114212eb1fd91057255", size = 272987, upload-time = "2026-07-05T02:59:42.792Z" },
]

[[package]]
name = "ruff"
version = "0.16.7"
source = { registry = "https://pypi.org/simple" }
sdist = { url = "https://files.pythonhosted.org/packages/82/bb/5a449b9162e49b139d72f61672bd3ac1d790221f796d3304e2241fff4c58/ruff-0.16.7.tar.gz", hash = "sha256:5f71d004ac1263b22fa39462ac5ae618a4b77d58981af2cc79bf79a29c12b1a6", size = 4924184, upload-time = "2026-09-10T18:04:06.336Z" }
wheels = [
    { url = "https://files.pythonhosted.org/packages/e3/b2/c80aeeb7f9e469c0d63a85d2f1ab6e1ebfbe10ea7a8d2438b7e09e3ff09e/ruff-0.16.7-py3-none-linux_armv6l.whl", hash = "sha256:727307773e7c7f9181d3ed3a2484186e56c1fa1874255911c74585eb2c7c19f9", size = 10048917, upload-time = "2026-09-10T18:03:30.28Z" },
    { url = "https://files.pythonhosted.org/packages/7b/96/20bb7bcae008004df52afcb7ac83432d4a467f2c17b672fe46d26be231c5/ruff-0.16.7-py3-none-macosx_10_12_x86_64.whl", hash = "sha256:9d61c258deabf58f34c67bd4bb4d939c7f2e6b5f0e59c1cdd1cf771b11cde929", size = 10242929, upload-time = "2026-09-10T18:03:32.706Z" },
    { url = "https://files.pythonhosted.org/packages/90/b2/f184b0d5abec02db69cfd7e49b688ae0237554528ca777136c613bf36bee/ruff-0.16.7-py3-none-macosx_11_0_arm64.whl", hash = "sha256:7ab81118df8945e0193d0240712aa4496573595b75185c3636ed825592a0f728", size = 9847245, upload-time = "2026-09-10T18:03:34.509Z" },
    { url = "https://files.pythonhosted.org/packages/eb/2d/db1633a641866ed801e34cc6b60ef236c5e16f9b2124ab1d49cc24a5fe4f/ruff-0.16.7-py3-none-manylinux_2_17_aarch64.manylinux2014_aarch64.whl", hash = "sha256:4c196c968874fc8019da8e7163de7a1a370f111e2309b4b7dfea0fce950198d0", size = 9961780, upload-time = "2026-09-10T18:03:36.618Z" },
    { url = "https://files.pythonhosted.org/packages/4d/98/edea21e1a3e38dbbc3bf6bb068b863b3b06184cf8533a4c7dbbe208a89d5/ruff-0.16.7-py3-none-manylinux_2_17_armv7l.manylinux2014_armv7l.whl", hash = "sha256:ac8c3bd0a7e10ad31e6ce51e7a99f3cb772e69aecdd6b9ea7e99b362f62a62c0", size = 9866337, upload-time = "2026-09-10T18:03:38.805Z" },
    { url = "https://files.pythonhosted.org/packages/0b/11/a15e60d4c87b214646f116ca9d204475bf993ee1047459bc9a360fd4d6d1/ruff-0.16.7-py3-none-manylinux_2_17_i686.manylinux2014_i686.whl", hash = "sha256:398d3988edde000b5c75dc1b3f584708da9bc990de069c18909142580fec1af9", size = 10562512, upload-time = "2026-09-10T18:03:40.71Z" },
    { url = "https://files.pythonhosted.org/packages/29/42/eaff4c9b6d0c7cdf56df313a17e89ae854f5bbc0b0c8f9cce19be0ab7a8f/ruff-0.16.7-py3-none-manylinux_2_17_ppc64le.manylinux2014_ppc64le.whl", hash = "sha256:ce05b62b770a8217c4646a9c4139fca00efe8fe5d71f87df2b243ff20d4584d1", size = 11302938, upload-time = "2026-09-10T18:03:42.607Z" },
    { url = "https://files.pythonhosted.org/packages/5d/43/c75aa59a4ec181fe2ec06cab30e198c1c6d107229a9f008ae3a7c16cabd8/ruff-0.16.7-py3-none-manylinux_2_17_s390x.manylinux2014_s390x.whl", hash = "sha256:af1b576fddb9d9ef2ececfb5fadcd6a624b25070ed85e3cfcfe449fc3ff6a7b9", size = 10840857, upload-time = "2026-09-10T18:03:44.604Z" },
    { url = "https://files.pythonhosted.org/packages/21/33/81f3da371942ea031105ba679d8d6e28ec1660ccd690a45f42d381161356/ruff-0.16.7-py3-none-manylinux_2_17_x86_64.manylinux2014_x86_64.whl", hash = "sha256:9ce7f8f22df67c93ed96c717f9128eadb797144ac2bad475cf536f31d6100c55", size = 10370001, upload-time = "2026-09-10T18:03:46.706Z" },
    { url = "https://files.pythonhosted.org/packages/fa/0b/6345fb4dbf6dd0ed1cfe5d18391dc9c3f59cc81622a7b0a65b84b3e730ba/ruff-0.16.7-py3-none-manylinux_2_31_riscv64.whl", hash = "sha256:06d0e93d04f392996435ebd600c153f65b47d73fbec2415aa99c5ee5756b3a5f", size = 10548735, upload-time = "2026-09-10T18:03:48.658Z" },
    { url = "https://files.pythonhosted.org/packages/3f/4d/c5576adf511f92a328e5569dda190ecdd430da51f1a649f3a4a2fd73e21e/ruff-0.16.7-py3-none-musllinux_1_2_aarch64.whl", hash = "sha256:142151a5e7b93c1b11111337142f89dd2fbfee92161225c99a97222f22e32656", size = 10108496, upload-time = "2026-09-10T18:03:50.563Z" },
    { url = "https://files.pythonhosted.org/packages/ff/8c/667d83c16199a17a56adc6b0bd4c3beb5b767a2babcd16a56f76f9be7fd6/ruff-0.16.7-py3-none-musllinux_1_2_armv7l.whl", hash = "sha256:e6651f97a342d8b35d54d8991544ca22169b86dc54111cb604666940c431b750", size = 9860136, upload-time = "2026-09-10T18:03:52.621Z" },
    { url = "https://files.pythonhosted.org/packages/99/75/78d401106731999a1dd20cc5a6961e37e1eb9397a3b589f73f3a5ce146a3/ruff-0.16.7-py3-none-musllinux_1_2_i686.whl", hash = "sha256:ef140c6eb935fa9a84c9c607dfb2cb1b85843c192e79265b0c54f35f557ea8e5", size = 10286290, upload-time = "2026-09-10T18:03:55.207Z" },
    { url = "https://files.pythonhosted.org/packages/68/49/56f9c3a8b755df93a0ad318b2147bf4ef5dae9a7e5ec61c460109c67957f/ruff-0.16.7-py3-none-musllinux_1_2_x86_64.whl", hash = "sha256:53e39506a730fadeee0d998ed5946f30671f0db240c6c7c73bdabbe33604bb6f", size = 10745048, upload-time = "2026-09-10T18:03:57.299Z" },
    { url = "https://files.pythonhosted.org/packages/5f/ea/7f9b938a63ece4bec677ad7f9f7fa02df3383db1949ed93a382441c09a87/ruff-0.16.7-py3-none-win32.whl", hash = "sha256:2ea3470fcebcbc5df2fb0c6f3b90333fa9084c534e0111c038fa4a6ab9f1c4b7", size = 10059082, upload-time = "2026-09-10T18:03:59.632Z" },
    { url = "https://files.pythonhosted.org/packages/39/11/480a6973a927aa653e1cead6a6416008640e03a99d05b34c0434b8c6c366/ruff-0.16.7-py3-none-win_amd64.whl", hash = "sha256:7ac26aca826e9e21d0f1cb25b54ac660760a9fdd094d3e4df9848232be98cfc6", size = 10593368, upload-time = "2026-09-10T18:04:01.999Z" },
    { url = "https://files.pythonhosted.org/packages/8b/4b/51327018d056f0dad2c2238f26d1fb0f53707a9d91b75dea6d1b3039f136/ruff-0.16.7-py3-none-win_arm64.whl", hash = "sha256:aab7f39e2c9df6c596216070f98eef1207b94f8516cca20c808826974971855b", size = 10412401, upload-time = "2026-09-10T18:04:04.098Z" },
]

[[package]]
name = "virtualenv"
version = "21.7.7"
source = { registry = "https://pypi.org/simple" }
dependencies = [
    { name = "distlib" },
    { name = "filelock" },
    { name = "platformdirs" },
    { name = "python-discovery" },
]
sdist = { url = "https://files.pythonhosted.org/packages/79/41/c3f34799487924f2a6f43b8a8b7acd345a6c61aac2211d4bced8621ca4f1/virtualenv-21.7.7.tar.gz", hash = "sha256:6874376f99ba6b8d4e3ee8bde67f9285412400c7d5b29ba41ee6daa5e0221bdc", size = 5347022, upload-time = "2026-08-28T18:59:50.093Z" }
wheels = [
    { url = "https://files.pythonhosted.org/packages/95/f8/dcec8dc767b812193316c7debed1e2b53e586e59c267bfe517688ff90275/virtualenv-21.7.7-py3-none-any.whl", hash = "sha256:67a6a68fef3ad8ca16b8b89f33fd8f97996cc0bf0db31629d07ecf8dec539a2c", size = 5324620, upload-time = "2026-08-28T18:59:48.056Z" },
]
